// !$*UTF8*$!
{
	archiveVersion = 1;
	classes = {
	};
	objectVersion = 55;
	objects = {

/* Begin PBXBuildFile section */
		05160A104C5B5DB5706C2F38 /* Pods_ExceptionTests.framework in Frameworks */ = {isa = PBXBuildFile; fileRef = CBDDD5D0077B7FB75F709CDF /* Pods_ExceptionTests.framework */; };
		74B1C075252603AEDD689A5D /* Pods_Exception.framework in Frameworks */ = {isa = PBXBuildFile; fileRef = 95BCCAB6B10C6F469B55FFEE /* Pods_Exception.framework */; };
		AB1A9D4B93C6C38932709C12 /* Pods_Exception_ExceptionUITests.framework in Frameworks */ = {isa = PBXBuildFile; fileRef = 3CF433EDA8CB0EB04B86E5E3 /* Pods_Exception_ExceptionUITests.framework */; };
		C0572C35279A24AA0092E42E /* AppDelegate.m in Sources */ = {isa = PBXBuildFile; fileRef = C0572C34279A24AA0092E42E /* AppDelegate.m */; };
		C0572C38279A24AA0092E42E /* SceneDelegate.m in Sources */ = {isa = PBXBuildFile; fileRef = C0572C37279A24AA0092E42E /* SceneDelegate.m */; };
		C0572C3B279A24AA0092E42E /* ViewController.m in Sources */ = {isa = PBXBuildFile; fileRef = C0572C3A279A24AA0092E42E /* ViewController.m */; };
		C0572C3E279A24AA0092E42E /* Main.storyboard in Resources */ = {isa = PBXBuildFile; fileRef = C0572C3C279A24AA0092E42E /* Main.storyboard */; };
		C0572C40279A24AB0092E42E /* Assets.xcassets in Resources */ = {isa = PBXBuildFile; fileRef = C0572C3F279A24AB0092E42E /* Assets.xcassets */; };
		C0572C43279A24AB0092E42E /* LaunchScreen.storyboard in Resources */ = {isa = PBXBuildFile; fileRef = C0572C41279A24AB0092E42E /* LaunchScreen.storyboard */; };
		C0572C46279A24AB0092E42E /* main.m in Sources */ = {isa = PBXBuildFile; fileRef = C0572C45279A24AB0092E42E /* main.m */; };
		C0572C50279A24AB0092E42E /* ExceptionTests.m in Sources */ = {isa = PBXBuildFile; fileRef = C0572C4F279A24AB0092E42E /* ExceptionTests.m */; };
		C0572C5A279A24AB0092E42E /* ExceptionUITests.m in Sources */ = {isa = PBXBuildFile; fileRef = C0572C59279A24AB0092E42E /* ExceptionUITests.m */; };
		C0572C5C279A24AB0092E42E /* ExceptionUITestsLaunchTests.m in Sources */ = {isa = PBXBuildFile; fileRef = C0572C5B279A24AB0092E42E /* ExceptionUITestsLaunchTests.m */; };
		C0572C6F279A28030092E42E /* Observer.mm in Sources */ = {isa = PBXBuildFile; fileRef = C0572C6E279A28030092E42E /* Observer.mm */; };
/* End PBXBuildFile section */

/* Begin PBXContainerItemProxy section */
		C0572C4C279A24AB0092E42E /* PBXContainerItemProxy */ = {
			isa = PBXContainerItemProxy;
			containerPortal = C0572C28279A24AA0092E42E /* Project object */;
			proxyType = 1;
			remoteGlobalIDString = C0572C2F279A24AA0092E42E;
			remoteInfo = Exception;
		};
		C0572C56279A24AB0092E42E /* PBXContainerItemProxy */ = {
			isa = PBXContainerItemProxy;
			containerPortal = C0572C28279A24AA0092E42E /* Project object */;
			proxyType = 1;
			remoteGlobalIDString = C0572C2F279A24AA0092E42E;
			remoteInfo = Exception;
		};
/* End PBXContainerItemProxy section */

/* Begin PBXFileReference section */
		394A8D555CFCF0FC3B38B697 /* Pods-ExceptionTests.release.xcconfig */ = {isa = PBXFileReference; includeInIndex = 1; lastKnownFileType = text.xcconfig; name = "Pods-ExceptionTests.release.xcconfig"; path = "Target Support Files/Pods-ExceptionTests/Pods-ExceptionTests.release.xcconfig"; sourceTree = "<group>"; };
		3CF433EDA8CB0EB04B86E5E3 /* Pods_Exception_ExceptionUITests.framework */ = {isa = PBXFileReference; explicitFileType = wrapper.framework; includeInIndex = 0; path = Pods_Exception_ExceptionUITests.framework; sourceTree = BUILT_PRODUCTS_DIR; };
		769FEEEEB3D5760DDAD2388F /* Pods-Exception-ExceptionUITests.debug.xcconfig */ = {isa = PBXFileReference; includeInIndex = 1; lastKnownFileType = text.xcconfig; name = "Pods-Exception-ExceptionUITests.debug.xcconfig"; path = "Target Support Files/Pods-Exception-ExceptionUITests/Pods-Exception-ExceptionUITests.debug.xcconfig"; sourceTree = "<group>"; };
		95BCCAB6B10C6F469B55FFEE /* Pods_Exception.framework */ = {isa = PBXFileReference; explicitFileType = wrapper.framework; includeInIndex = 0; path = Pods_Exception.framework; sourceTree = BUILT_PRODUCTS_DIR; };
		A71556622E12FD5BB2AB23E7 /* Pods-Exception.debug.xcconfig */ = {isa = PBXFileReference; includeInIndex = 1; lastKnownFileType = text.xcconfig; name = "Pods-Exception.debug.xcconfig"; path = "Target Support Files/Pods-Exception/Pods-Exception.debug.xcconfig"; sourceTree = "<group>"; };
		C0572C30279A24AA0092E42E /* Exception.app */ = {isa = PBXFileReference; explicitFileType = wrapper.application; includeInIndex = 0; path = Exception.app; sourceTree = BUILT_PRODUCTS_DIR; };
		C0572C33279A24AA0092E42E /* AppDelegate.h */ = {isa = PBXFileReference; lastKnownFileType = sourcecode.c.h; path = AppDelegate.h; sourceTree = "<group>"; };
		C0572C34279A24AA0092E42E /* AppDelegate.m */ = {isa = PBXFileReference; lastKnownFileType = sourcecode.c.objc; path = AppDelegate.m; sourceTree = "<group>"; };
		C0572C36279A24AA0092E42E /* SceneDelegate.h */ = {isa = PBXFileReference; lastKnownFileType = sourcecode.c.h; path = SceneDelegate.h; sourceTree = "<group>"; };
		C0572C37279A24AA0092E42E /* SceneDelegate.m */ = {isa = PBXFileReference; lastKnownFileType = sourcecode.c.objc; path = SceneDelegate.m; sourceTree = "<group>"; };
		C0572C39279A24AA0092E42E /* ViewController.h */ = {isa = PBXFileReference; lastKnownFileType = sourcecode.c.h; path = ViewController.h; sourceTree = "<group>"; };
		C0572C3A279A24AA0092E42E /* ViewController.m */ = {isa = PBXFileReference; lastKnownFileType = sourcecode.c.objc; path = ViewController.m; sourceTree = "<group>"; };
		C0572C3D279A24AA0092E42E /* Base */ = {isa = PBXFileReference; lastKnownFileType = file.storyboard; name = Base; path = Base.lproj/Main.storyboard; sourceTree = "<group>"; };
		C0572C3F279A24AB0092E42E /* Assets.xcassets */ = {isa = PBXFileReference; lastKnownFileType = folder.assetcatalog; path = Assets.xcassets; sourceTree = "<group>"; };
		C0572C42279A24AB0092E42E /* Base */ = {isa = PBXFileReference; lastKnownFileType = file.storyboard; name = Base; path = Base.lproj/LaunchScreen.storyboard; sourceTree = "<group>"; };
		C0572C44279A24AB0092E42E /* Info.plist */ = {isa = PBXFileReference; lastKnownFileType = text.plist.xml; path = Info.plist; sourceTree = "<group>"; };
		C0572C45279A24AB0092E42E /* main.m */ = {isa = PBXFileReference; lastKnownFileType = sourcecode.c.objc; path = main.m; sourceTree = "<group>"; };
		C0572C4B279A24AB0092E42E /* ExceptionTests.xctest */ = {isa = PBXFileReference; explicitFileType = wrapper.cfbundle; includeInIndex = 0; path = ExceptionTests.xctest; sourceTree = BUILT_PRODUCTS_DIR; };
		C0572C4F279A24AB0092E42E /* ExceptionTests.m */ = {isa = PBXFileReference; lastKnownFileType = sourcecode.c.objc; path = ExceptionTests.m; sourceTree = "<group>"; };
		C0572C55279A24AB0092E42E /* ExceptionUITests.xctest */ = {isa = PBXFileReference; explicitFileType = wrapper.cfbundle; includeInIndex = 0; path = ExceptionUITests.xctest; sourceTree = BUILT_PRODUCTS_DIR; };
		C0572C59279A24AB0092E42E /* ExceptionUITests.m */ = {isa = PBXFileReference; lastKnownFileType = sourcecode.c.objc; path = ExceptionUITests.m; sourceTree = "<group>"; };
		C0572C5B279A24AB0092E42E /* ExceptionUITestsLaunchTests.m */ = {isa = PBXFileReference; lastKnownFileType = sourcecode.c.objc; path = ExceptionUITestsLaunchTests.m; sourceTree = "<group>"; };
		C0572C6D279A28030092E42E /* Observer.h */ = {isa = PBXFileReference; fileEncoding = 4; lastKnownFileType = sourcecode.c.h; path = Observer.h; sourceTree = SOURCE_ROOT; };
		C0572C6E279A28030092E42E /* Observer.mm */ = {isa = PBXFileReference; fileEncoding = 4; lastKnownFileType = sourcecode.cpp.objcpp; path = Observer.mm; sourceTree = SOURCE_ROOT; };
		C96A5984858EACEEAD3AD0BE /* Pods-Exception-ExceptionUITests.release.xcconfig */ = {isa = PBXFileReference; includeInIndex = 1; lastKnownFileType = text.xcconfig; name = "Pods-Exception-ExceptionUITests.release.xcconfig"; path = "Target Support Files/Pods-Exception-ExceptionUITests/Pods-Exception-ExceptionUITests.release.xcconfig"; sourceTree = "<group>"; };
		CBDDD5D0077B7FB75F709CDF /* Pods_ExceptionTests.framework */ = {isa = PBXFileReference; explicitFileType = wrapper.framework; includeInIndex = 0; path = Pods_ExceptionTests.framework; sourceTree = BUILT_PRODUCTS_DIR; };
		DC0EE684D87F5B0E6162E282 /* Pods-Exception.release.xcconfig */ = {isa = PBXFileReference; includeInIndex = 1; lastKnownFileType = text.xcconfig; name = "Pods-Exception.release.xcconfig"; path = "Target Support Files/Pods-Exception/Pods-Exception.release.xcconfig"; sourceTree = "<group>"; };
		F43380586D9C80334F6D48C3 /* Pods-ExceptionTests.debug.xcconfig */ = {isa = PBXFileReference; includeInIndex = 1; lastKnownFileType = text.xcconfig; name = "Pods-ExceptionTests.debug.xcconfig"; path = "Target Support Files/Pods-ExceptionTests/Pods-ExceptionTests.debug.xcconfig"; sourceTree = "<group>"; };
/* End PBXFileReference section */

/* Begin PBXFrameworksBuildPhase section */
		C0572C2D279A24AA0092E42E /* Frameworks */ = {
			isa = PBXFrameworksBuildPhase;
			buildActionMask = 2147483647;
			files = (
				74B1C075252603AEDD689A5D /* Pods_Exception.framework in Frameworks */,
			);
			runOnlyForDeploymentPostprocessing = 0;
		};
		C0572C48279A24AB0092E42E /* Frameworks */ = {
			isa = PBXFrameworksBuildPhase;
			buildActionMask = 2147483647;
			files = (
				05160A104C5B5DB5706C2F38 /* Pods_ExceptionTests.framework in Frameworks */,
			);
			runOnlyForDeploymentPostprocessing = 0;
		};
		C0572C52279A24AB0092E42E /* Frameworks */ = {
			isa = PBXFrameworksBuildPhase;
			buildActionMask = 2147483647;
			files = (
				AB1A9D4B93C6C38932709C12 /* Pods_Exception_ExceptionUITests.framework in Frameworks */,
			);
			runOnlyForDeploymentPostprocessing = 0;
		};
/* End PBXFrameworksBuildPhase section */

/* Begin PBXGroup section */
		38396DC5A558C7C73027B00D /* Frameworks */ = {
			isa = PBXGroup;
			children = (
				95BCCAB6B10C6F469B55FFEE /* Pods_Exception.framework */,
				3CF433EDA8CB0EB04B86E5E3 /* Pods_Exception_ExceptionUITests.framework */,
				CBDDD5D0077B7FB75F709CDF /* Pods_ExceptionTests.framework */,
			);
			name = Frameworks;
			sourceTree = "<group>";
		};
		A870A380E13E75592EEF1B24 /* Pods */ = {
			isa = PBXGroup;
			children = (
				A71556622E12FD5BB2AB23E7 /* Pods-Exception.debug.xcconfig */,
				DC0EE684D87F5B0E6162E282 /* Pods-Exception.release.xcconfig */,
				769FEEEEB3D5760DDAD2388F /* Pods-Exception-ExceptionUITests.debug.xcconfig */,
				C96A5984858EACEEAD3AD0BE /* Pods-Exception-ExceptionUITests.release.xcconfig */,
				F43380586D9C80334F6D48C3 /* Pods-ExceptionTests.debug.xcconfig */,
				394A8D555CFCF0FC3B38B697 /* Pods-ExceptionTests.release.xcconfig */,
			);
			path = Pods;
			sourceTree = "<group>";
		};
		C0572C27279A24AA0092E42E = {
			isa = PBXGroup;
			children = (
				C0572C32279A24AA0092E42E /* Exception */,
				C0572C4E279A24AB0092E42E /* ExceptionTests */,
				C0572C58279A24AB0092E42E /* ExceptionUITests */,
				C0572C31279A24AA0092E42E /* Products */,
				A870A380E13E75592EEF1B24 /* Pods */,
				38396DC5A558C7C73027B00D /* Frameworks */,
			);
			sourceTree = "<group>";
		};
		C0572C31279A24AA0092E42E /* Products */ = {
			isa = PBXGroup;
			children = (
				C0572C30279A24AA0092E42E /* Exception.app */,
				C0572C4B279A24AB0092E42E /* ExceptionTests.xctest */,
				C0572C55279A24AB0092E42E /* ExceptionUITests.xctest */,
			);
			name = Products;
			sourceTree = "<group>";
		};
		C0572C32279A24AA0092E42E /* Exception */ = {
			isa = PBXGroup;
			children = (
				C0572C33279A24AA0092E42E /* AppDelegate.h */,
				C0572C34279A24AA0092E42E /* AppDelegate.m */,
				C0572C36279A24AA0092E42E /* SceneDelegate.h */,
				C0572C37279A24AA0092E42E /* SceneDelegate.m */,
				C0572C39279A24AA0092E42E /* ViewController.h */,
				C0572C3A279A24AA0092E42E /* ViewController.m */,
				C0572C3C279A24AA0092E42E /* Main.storyboard */,
				C0572C3F279A24AB0092E42E /* Assets.xcassets */,
				C0572C41279A24AB0092E42E /* LaunchScreen.storyboard */,
				C0572C44279A24AB0092E42E /* Info.plist */,
				C0572C45279A24AB0092E42E /* main.m */,
				C0572C6D279A28030092E42E /* Observer.h */,
				C0572C6E279A28030092E42E /* Observer.mm */,
			);
			path = Exception;
			sourceTree = "<group>";
		};
		C0572C4E279A24AB0092E42E /* ExceptionTests */ = {
			isa = PBXGroup;
			children = (
				C0572C4F279A24AB0092E42E /* ExceptionTests.m */,
			);
			path = ExceptionTests;
			sourceTree = "<group>";
		};
		C0572C58279A24AB0092E42E /* ExceptionUITests */ = {
			isa = PBXGroup;
			children = (
				C0572C59279A24AB0092E42E /* ExceptionUITests.m */,
				C0572C5B279A24AB0092E42E /* ExceptionUITestsLaunchTests.m */,
			);
			path = ExceptionUITests;
			sourceTree = "<group>";
		};
/* End PBXGroup section */

/* Begin PBXNativeTarget section */
		C0572C2F279A24AA0092E42E /* Exception */ = {
			isa = PBXNativeTarget;
			buildConfigurationList = C0572C5F279A24AB0092E42E /* Build configuration list for PBXNativeTarget "Exception" */;
			buildPhases = (
				47D2C01D73F527B29175E514 /* [CP] Check Pods Manifest.lock */,
				C0572C2C279A24AA0092E42E /* Sources */,
				C0572C2D279A24AA0092E42E /* Frameworks */,
				C0572C2E279A24AA0092E42E /* Resources */,
				7C4CA87CCD9847920E6FF35F /* [CP] Embed Pods Frameworks */,
			);
			buildRules = (
			);
			dependencies = (
			);
			name = Exception;
			productName = Exception;
			productReference = C0572C30279A24AA0092E42E /* Exception.app */;
			productType = "com.apple.product-type.application";
		};
		C0572C4A279A24AB0092E42E /* ExceptionTests */ = {
			isa = PBXNativeTarget;
			buildConfigurationList = C0572C62279A24AB0092E42E /* Build configuration list for PBXNativeTarget "ExceptionTests" */;
			buildPhases = (
				CF8974C82F34D3A118EF0517 /* [CP] Check Pods Manifest.lock */,
				C0572C47279A24AB0092E42E /* Sources */,
				C0572C48279A24AB0092E42E /* Frameworks */,
				C0572C49279A24AB0092E42E /* Resources */,
			);
			buildRules = (
			);
			dependencies = (
				C0572C4D279A24AB0092E42E /* PBXTargetDependency */,
			);
			name = ExceptionTests;
			productName = ExceptionTests;
			productReference = C0572C4B279A24AB0092E42E /* ExceptionTests.xctest */;
			productType = "com.apple.product-type.bundle.unit-test";
		};
		C0572C54279A24AB0092E42E /* ExceptionUITests */ = {
			isa = PBXNativeTarget;
			buildConfigurationList = C0572C65279A24AB0092E42E /* Build configuration list for PBXNativeTarget "ExceptionUITests" */;
			buildPhases = (
				0B4E74F42316F5365D064112 /* [CP] Check Pods Manifest.lock */,
				C0572C51279A24AB0092E42E /* Sources */,
				C0572C52279A24AB0092E42E /* Frameworks */,
				C0572C53279A24AB0092E42E /* Resources */,
				3F98A88817BC3C7959563363 /* [CP] Embed Pods Frameworks */,
			);
			buildRules = (
			);
			dependencies = (
				C0572C57279A24AB0092E42E /* PBXTargetDependency */,
			);
			name = ExceptionUITests;
			productName = ExceptionUITests;
			productReference = C0572C55279A24AB0092E42E /* ExceptionUITests.xctest */;
			productType = "com.apple.product-type.bundle.ui-testing";
		};
/* End PBXNativeTarget section */

/* Begin PBXProject section */
		C0572C28279A24AA0092E42E /* Project object */ = {
			isa = PBXProject;
			attributes = {
				BuildIndependentTargetsInParallel = 1;
				LastUpgradeCheck = 1310;
				TargetAttributes = {
					C0572C2F279A24AA0092E42E = {
						CreatedOnToolsVersion = 13.1;
					};
					C0572C4A279A24AB0092E42E = {
						CreatedOnToolsVersion = 13.1;
						TestTargetID = C0572C2F279A24AA0092E42E;
					};
					C0572C54279A24AB0092E42E = {
						CreatedOnToolsVersion = 13.1;
						TestTargetID = C0572C2F279A24AA0092E42E;
					};
				};
			};
			buildConfigurationList = C0572C2B279A24AA0092E42E /* Build configuration list for PBXProject "Exception" */;
			compatibilityVersion = "Xcode 13.0";
			developmentRegion = en;
			hasScannedForEncodings = 0;
			knownRegions = (
				en,
				Base,
			);
			mainGroup = C0572C27279A24AA0092E42E;
			productRefGroup = C0572C31279A24AA0092E42E /* Products */;
			projectDirPath = "";
			projectRoot = "";
			targets = (
				C0572C2F279A24AA0092E42E /* Exception */,
				C0572C4A279A24AB0092E42E /* ExceptionTests */,
				C0572C54279A24AB0092E42E /* ExceptionUITests */,
			);
		};
/* End PBXProject section */

/* Begin PBXResourcesBuildPhase section */
		C0572C2E279A24AA0092E42E /* Resources */ = {
			isa = PBXResourcesBuildPhase;
			buildActionMask = 2147483647;
			files = (
				C0572C43279A24AB0092E42E /* LaunchScreen.storyboard in Resources */,
				C0572C40279A24AB0092E42E /* Assets.xcassets in Resources */,
				C0572C3E279A24AA0092E42E /* Main.storyboard in Resources */,
			);
			runOnlyForDeploymentPostprocessing = 0;
		};
		C0572C49279A24AB0092E42E /* Resources */ = {
			isa = PBXResourcesBuildPhase;
			buildActionMask = 2147483647;
			files = (
			);
			runOnlyForDeploymentPostprocessing = 0;
		};
		C0572C53279A24AB0092E42E /* Resources */ = {
			isa = PBXResourcesBuildPhase;
			buildActionMask = 2147483647;
			files = (
			);
			runOnlyForDeploymentPostprocessing = 0;
		};
/* End PBXResourcesBuildPhase section */

/* Begin PBXShellScriptBuildPhase section */
		0B4E74F42316F5365D064112 /* [CP] Check Pods Manifest.lock */ = {
			isa = PBXShellScriptBuildPhase;
			buildActionMask = 2147483647;
			files = (
			);
			inputFileListPaths = (
			);
			inputPaths = (
				"${PODS_PODFILE_DIR_PATH}/Podfile.lock",
				"${PODS_ROOT}/Manifest.lock",
			);
			name = "[CP] Check Pods Manifest.lock";
			outputFileListPaths = (
			);
			outputPaths = (
				"$(DERIVED_FILE_DIR)/Pods-Exception-ExceptionUITests-checkManifestLockResult.txt",
			);
			runOnlyForDeploymentPostprocessing = 0;
			shellPath = /bin/sh;
			shellScript = "diff \"${PODS_PODFILE_DIR_PATH}/Podfile.lock\" \"${PODS_ROOT}/Manifest.lock\" > /dev/null\nif [ $? != 0 ] ; then\n    # print error to STDERR\n    echo \"error: The sandbox is not in sync with the Podfile.lock. Run 'pod install' or update your CocoaPods installation.\" >&2\n    exit 1\nfi\n# This output is used by Xcode 'outputs' to avoid re-running this script phase.\necho \"SUCCESS\" > \"${SCRIPT_OUTPUT_FILE_0}\"\n";
			showEnvVarsInLog = 0;
		};
		3F98A88817BC3C7959563363 /* [CP] Embed Pods Frameworks */ = {
			isa = PBXShellScriptBuildPhase;
			buildActionMask = 2147483647;
			files = (
			);
			inputFileListPaths = (
				"${PODS_ROOT}/Target Support Files/Pods-Exception-ExceptionUITests/Pods-Exception-ExceptionUITests-frameworks-${CONFIGURATION}-input-files.xcfilelist",
			);
			name = "[CP] Embed Pods Frameworks";
			outputFileListPaths = (
				"${PODS_ROOT}/Target Support Files/Pods-Exception-ExceptionUITests/Pods-Exception-ExceptionUITests-frameworks-${CONFIGURATION}-output-files.xcfilelist",
			);
			runOnlyForDeploymentPostprocessing = 0;
			shellPath = /bin/sh;
			shellScript = "\"${PODS_ROOT}/Target Support Files/Pods-Exception-ExceptionUITests/Pods-Exception-ExceptionUITests-frameworks.sh\"\n";
			showEnvVarsInLog = 0;
		};
		47D2C01D73F527B29175E514 /* [CP] Check Pods Manifest.lock */ = {
			isa = PBXShellScriptBuildPhase;
			buildActionMask = 2147483647;
			files = (
			);
			inputFileListPaths = (
			);
			inputPaths = (
				"${PODS_PODFILE_DIR_PATH}/Podfile.lock",
				"${PODS_ROOT}/Manifest.lock",
			);
			name = "[CP] Check Pods Manifest.lock";
			outputFileListPaths = (
			);
			outputPaths = (
				"$(DERIVED_FILE_DIR)/Pods-Exception-checkManifestLockResult.txt",
			);
			runOnlyForDeploymentPostprocessing = 0;
			shellPath = /bin/sh;
			shellScript = "diff \"${PODS_PODFILE_DIR_PATH}/Podfile.lock\" \"${PODS_ROOT}/Manifest.lock\" > /dev/null\nif [ $? != 0 ] ; then\n    # print error to STDERR\n    echo \"error: The sandbox is not in sync with the Podfile.lock. Run 'pod install' or update your CocoaPods installation.\" >&2\n    exit 1\nfi\n# This output is used by Xcode 'outputs' to avoid re-running this script phase.\necho \"SUCCESS\" > \"${SCRIPT_OUTPUT_FILE_0}\"\n";
			showEnvVarsInLog = 0;
		};
		7C4CA87CCD9847920E6FF35F /* [CP] Embed Pods Frameworks */ = {
			isa = PBXShellScriptBuildPhase;
			buildActionMask = 2147483647;
			files = (
			);
			inputFileListPaths = (
				"${PODS_ROOT}/Target Support Files/Pods-Exception/Pods-Exception-frameworks-${CONFIGURATION}-input-files.xcfilelist",
			);
			name = "[CP] Embed Pods Frameworks";
			outputFileListPaths = (
				"${PODS_ROOT}/Target Support Files/Pods-Exception/Pods-Exception-frameworks-${CONFIGURATION}-output-files.xcfilelist",
			);
			runOnlyForDeploymentPostprocessing = 0;
			shellPath = /bin/sh;
			shellScript = "\"${PODS_ROOT}/Target Support Files/Pods-Exception/Pods-Exception-frameworks.sh\"\n";
			showEnvVarsInLog = 0;
		};
		CF8974C82F34D3A118EF0517 /* [CP] Check Pods Manifest.lock */ = {
			isa = PBXShellScriptBuildPhase;
			buildActionMask = 2147483647;
			files = (
			);
			inputFileListPaths = (
			);
			inputPaths = (
				"${PODS_PODFILE_DIR_PATH}/Podfile.lock",
				"${PODS_ROOT}/Manifest.lock",
			);
			name = "[CP] Check Pods Manifest.lock";
			outputFileListPaths = (
			);
			outputPaths = (
				"$(DERIVED_FILE_DIR)/Pods-ExceptionTests-checkManifestLockResult.txt",
			);
			runOnlyForDeploymentPostprocessing = 0;
			shellPath = /bin/sh;
			shellScript = "diff \"${PODS_PODFILE_DIR_PATH}/Podfile.lock\" \"${PODS_ROOT}/Manifest.lock\" > /dev/null\nif [ $? != 0 ] ; then\n    # print error to STDERR\n    echo \"error: The sandbox is not in sync with the Podfile.lock. Run 'pod install' or update your CocoaPods installation.\" >&2\n    exit 1\nfi\n# This output is used by Xcode 'outputs' to avoid re-running this script phase.\necho \"SUCCESS\" > \"${SCRIPT_OUTPUT_FILE_0}\"\n";
			showEnvVarsInLog = 0;
		};
/* End PBXShellScriptBuildPhase section */

/* Begin PBXSourcesBuildPhase section */
		C0572C2C279A24AA0092E42E /* Sources */ = {
			isa = PBXSourcesBuildPhase;
			buildActionMask = 2147483647;
			files = (
				C0572C3B279A24AA0092E42E /* ViewController.m in Sources */,
				C0572C35279A24AA0092E42E /* AppDelegate.m in Sources */,
				C0572C46279A24AB0092E42E /* main.m in Sources */,
				C0572C38279A24AA0092E42E /* SceneDelegate.m in Sources */,
				C0572C6F279A28030092E42E /* Observer.mm in Sources */,
			);
			runOnlyForDeploymentPostprocessing = 0;
		};
		C0572C47279A24AB0092E42E /* Sources */ = {
			isa = PBXSourcesBuildPhase;
			buildActionMask = 2147483647;
			files = (
				C0572C50279A24AB0092E42E /* ExceptionTests.m in Sources */,
			);
			runOnlyForDeploymentPostprocessing = 0;
		};
		C0572C51279A24AB0092E42E /* Sources */ = {
			isa = PBXSourcesBuildPhase;
			buildActionMask = 2147483647;
			files = (
				C0572C5C279A24AB0092E42E /* ExceptionUITestsLaunchTests.m in Sources */,
				C0572C5A279A24AB0092E42E /* ExceptionUITests.m in Sources */,
			);
			runOnlyForDeploymentPostprocessing = 0;
		};
/* End PBXSourcesBuildPhase section */

/* Begin PBXTargetDependency section */
		C0572C4D279A24AB0092E42E /* PBXTargetDependency */ = {
			isa = PBXTargetDependency;
			target = C0572C2F279A24AA0092E42E /* Exception */;
			targetProxy = C0572C4C279A24AB0092E42E /* PBXContainerItemProxy */;
		};
		C0572C57279A24AB0092E42E /* PBXTargetDependency */ = {
			isa = PBXTargetDependency;
			target = C0572C2F279A24AA0092E42E /* Exception */;
			targetProxy = C0572C56279A24AB0092E42E /* PBXContainerItemProxy */;
		};
/* End PBXTargetDependency section */

/* Begin PBXVariantGroup section */
		C0572C3C279A24AA0092E42E /* Main.storyboard */ = {
			isa = PBXVariantGroup;
			children = (
				C0572C3D279A24AA0092E42E /* Base */,
			);
			name = Main.storyboard;
			sourceTree = "<group>";
		};
		C0572C41279A24AB0092E42E /* LaunchScreen.storyboard */ = {
			isa = PBXVariantGroup;
			children = (
				C0572C42279A24AB0092E42E /* Base */,
			);
			name = LaunchScreen.storyboard;
			sourceTree = "<group>";
		};
/* End PBXVariantGroup section */

/* Begin XCBuildConfiguration section */
		C0572C5D279A24AB0092E42E /* Debug */ = {
			isa = XCBuildConfiguration;
			buildSettings = {
				ALWAYS_SEARCH_USER_PATHS = NO;
				CLANG_ANALYZER_NONNULL = YES;
				CLANG_ANALYZER_NUMBER_OBJECT_CONVERSION = YES_AGGRESSIVE;
				CLANG_CXX_LANGUAGE_STANDARD = "gnu++17";
				CLANG_CXX_LIBRARY = "libc++";
				CLANG_ENABLE_MODULES = YES;
				CLANG_ENABLE_OBJC_ARC = YES;
				CLANG_ENABLE_OBJC_WEAK = YES;
				CLANG_WARN_BLOCK_CAPTURE_AUTORELEASING = YES;
				CLANG_WARN_BOOL_CONVERSION = YES;
				CLANG_WARN_COMMA = YES;
				CLANG_WARN_CONSTANT_CONVERSION = YES;
				CLANG_WARN_DEPRECATED_OBJC_IMPLEMENTATIONS = YES;
				CLANG_WARN_DIRECT_OBJC_ISA_USAGE = YES_ERROR;
				CLANG_WARN_DOCUMENTATION_COMMENTS = YES;
				CLANG_WARN_EMPTY_BODY = YES;
				CLANG_WARN_ENUM_CONVERSION = YES;
				CLANG_WARN_INFINITE_RECURSION = YES;
				CLANG_WARN_INT_CONVERSION = YES;
				CLANG_WARN_NON_LITERAL_NULL_CONVERSION = YES;
				CLANG_WARN_OBJC_IMPLICIT_RETAIN_SELF = YES;
				CLANG_WARN_OBJC_LITERAL_CONVERSION = YES;
				CLANG_WARN_OBJC_ROOT_CLASS = YES_ERROR;
				CLANG_WARN_QUOTED_INCLUDE_IN_FRAMEWORK_HEADER = YES;
				CLANG_WARN_RANGE_LOOP_ANALYSIS = YES;
				CLANG_WARN_STRICT_PROTOTYPES = YES;
				CLANG_WARN_SUSPICIOUS_MOVE = YES;
				CLANG_WARN_UNGUARDED_AVAILABILITY = YES_AGGRESSIVE;
				CLANG_WARN_UNREACHABLE_CODE = YES;
				CLANG_WARN__DUPLICATE_METHOD_MATCH = YES;
				COPY_PHASE_STRIP = NO;
				DEBUG_INFORMATION_FORMAT = dwarf;
				ENABLE_STRICT_OBJC_MSGSEND = YES;
				ENABLE_TESTABILITY = YES;
				GCC_C_LANGUAGE_STANDARD = gnu11;
				GCC_DYNAMIC_NO_PIC = NO;
				GCC_NO_COMMON_BLOCKS = YES;
				GCC_OPTIMIZATION_LEVEL = 0;
				GCC_PREPROCESSOR_DEFINITIONS = (
					"DEBUG=1",
					"$(inherited)",
				);
				GCC_WARN_64_TO_32_BIT_CONVERSION = YES;
				GCC_WARN_ABOUT_RETURN_TYPE = YES_ERROR;
				GCC_WARN_UNDECLARED_SELECTOR = YES;
				GCC_WARN_UNINITIALIZED_AUTOS = YES_AGGRESSIVE;
				GCC_WARN_UNUSED_FUNCTION = YES;
				GCC_WARN_UNUSED_VARIABLE = YES;
				IPHONEOS_DEPLOYMENT_TARGET = 15.0;
				MTL_ENABLE_DEBUG_INFO = INCLUDE_SOURCE;
				MTL_FAST_MATH = YES;
				ONLY_ACTIVE_ARCH = YES;
				SDKROOT = iphoneos;
			};
			name = Debug;
		};
		C0572C5E279A24AB0092E42E /* Release */ = {
			isa = XCBuildConfiguration;
			buildSettings = {
				ALWAYS_SEARCH_USER_PATHS = NO;
				CLANG_ANALYZER_NONNULL = YES;
				CLANG_ANALYZER_NUMBER_OBJECT_CONVERSION = YES_AGGRESSIVE;
				CLANG_CXX_LANGUAGE_STANDARD = "gnu++17";
				CLANG_CXX_LIBRARY = "libc++";
				CLANG_ENABLE_MODULES = YES;
				CLANG_ENABLE_OBJC_ARC = YES;
				CLANG_ENABLE_OBJC_WEAK = YES;
				CLANG_WARN_BLOCK_CAPTURE_AUTORELEASING = YES;
				CLANG_WARN_BOOL_CONVERSION = YES;
				CLANG_WARN_COMMA = YES;
				CLANG_WARN_CONSTANT_CONVERSION = YES;
				CLANG_WARN_DEPRECATED_OBJC_IMPLEMENTATIONS = YES;
				CLANG_WARN_DIRECT_OBJC_ISA_USAGE = YES_ERROR;
				CLANG_WARN_DOCUMENTATION_COMMENTS = YES;
				CLANG_WARN_EMPTY_BODY = YES;
				CLANG_WARN_ENUM_CONVERSION = YES;
				CLANG_WARN_INFINITE_RECURSION = YES;
				CLANG_WARN_INT_CONVERSION = YES;
				CLANG_WARN_NON_LITERAL_NULL_CONVERSION = YES;
				CLANG_WARN_OBJC_IMPLICIT_RETAIN_SELF = YES;
				CLANG_WARN_OBJC_LITERAL_CONVERSION = YES;
				CLANG_WARN_OBJC_ROOT_CLASS = YES_ERROR;
				CLANG_WARN_QUOTED_INCLUDE_IN_FRAMEWORK_HEADER = YES;
				CLANG_WARN_RANGE_LOOP_ANALYSIS = YES;
				CLANG_WARN_STRICT_PROTOTYPES = YES;
				CLANG_WARN_SUSPICIOUS_MOVE = YES;
				CLANG_WARN_UNGUARDED_AVAILABILITY = YES_AGGRESSIVE;
				CLANG_WARN_UNREACHABLE_CODE = YES;
				CLANG_WARN__DUPLICATE_METHOD_MATCH = YES;
				COPY_PHASE_STRIP = NO;
				DEBUG_INFORMATION_FORMAT = "dwarf-with-dsym";
				ENABLE_NS_ASSERTIONS = NO;
				ENABLE_STRICT_OBJC_MSGSEND = YES;
				GCC_C_LANGUAGE_STANDARD = gnu11;
				GCC_NO_COMMON_BLOCKS = YES;
				GCC_WARN_64_TO_32_BIT_CONVERSION = YES;
				GCC_WARN_ABOUT_RETURN_TYPE = YES_ERROR;
				GCC_WARN_UNDECLARED_SELECTOR = YES;
				GCC_WARN_UNINITIALIZED_AUTOS = YES_AGGRESSIVE;
				GCC_WARN_UNUSED_FUNCTION = YES;
				GCC_WARN_UNUSED_VARIABLE = YES;
				IPHONEOS_DEPLOYMENT_TARGET = 15.0;
				MTL_ENABLE_DEBUG_INFO = NO;
				MTL_FAST_MATH = YES;
				SDKROOT = iphoneos;
				VALIDATE_PRODUCT = YES;
			};
			name = Release;
		};
		C0572C60279A24AB0092E42E /* Debug */ = {
			isa = XCBuildConfiguration;
			baseConfigurationReference = A71556622E12FD5BB2AB23E7 /* Pods-Exception.debug.xcconfig */;
			buildSettings = {
				ASSETCATALOG_COMPILER_APPICON_NAME = AppIcon;
				ASSETCATALOG_COMPILER_GLOBAL_ACCENT_COLOR_NAME = AccentColor;
				CODE_SIGN_STYLE = Automatic;
				CURRENT_PROJECT_VERSION = 1;
				DEVELOPMENT_TEAM = 83RXS3PN85;
				GENERATE_INFOPLIST_FILE = YES;
				INFOPLIST_FILE = Exception/Info.plist;
				INFOPLIST_KEY_UIApplicationSupportsIndirectInputEvents = YES;
				INFOPLIST_KEY_UILaunchStoryboardName = LaunchScreen;
				INFOPLIST_KEY_UIMainStoryboardFile = Main;
				INFOPLIST_KEY_UISupportedInterfaceOrientations_iPad = "UIInterfaceOrientationPortrait UIInterfaceOrientationPortraitUpsideDown UIInterfaceOrientationLandscapeLeft UIInterfaceOrientationLandscapeRight";
				INFOPLIST_KEY_UISupportedInterfaceOrientations_iPhone = "UIInterfaceOrientationPortrait UIInterfaceOrientationLandscapeLeft UIInterfaceOrientationLandscapeRight";
				LD_RUNPATH_SEARCH_PATHS = (
					"$(inherited)",
					"@executable_path/Frameworks",
				);
				MARKETING_VERSION = 1.0;
				PRODUCT_BUNDLE_IDENTIFIER = maxsida.Exception;
				PRODUCT_NAME = "$(TARGET_NAME)";
				SWIFT_EMIT_LOC_STRINGS = YES;
				TARGETED_DEVICE_FAMILY = "1,2";
			};
			name = Debug;
		};
		C0572C61279A24AB0092E42E /* Release */ = {
			isa = XCBuildConfiguration;
			baseConfigurationReference = DC0EE684D87F5B0E6162E282 /* Pods-Exception.release.xcconfig */;
			buildSettings = {
				ASSETCATALOG_COMPILER_APPICON_NAME = AppIcon;
				ASSETCATALOG_COMPILER_GLOBAL_ACCENT_COLOR_NAME = AccentColor;
				CODE_SIGN_STYLE = Automatic;
				CURRENT_PROJECT_VERSION = 1;
				DEVELOPMENT_TEAM = 83RXS3PN85;
				GENERATE_INFOPLIST_FILE = YES;
				INFOPLIST_FILE = Exception/Info.plist;
				INFOPLIST_KEY_UIApplicationSupportsIndirectInputEvents = YES;
				INFOPLIST_KEY_UILaunchStoryboardName = LaunchScreen;
				INFOPLIST_KEY_UIMainStoryboardFile = Main;
				INFOPLIST_KEY_UISupportedInterfaceOrientations_iPad = "UIInterfaceOrientationPortrait UIInterfaceOrientationPortraitUpsideDown UIInterfaceOrientationLandscapeLeft UIInterfaceOrientationLandscapeRight";
				INFOPLIST_KEY_UISupportedInterfaceOrientations_iPhone = "UIInterfaceOrientationPortrait UIInterfaceOrientationLandscapeLeft UIInterfaceOrientationLandscapeRight";
				LD_RUNPATH_SEARCH_PATHS = (
					"$(inherited)",
					"@executable_path/Frameworks",
				);
				MARKETING_VERSION = 1.0;
				PRODUCT_BUNDLE_IDENTIFIER = maxsida.Exception;
				PRODUCT_NAME = "$(TARGET_NAME)";
				SWIFT_EMIT_LOC_STRINGS = YES;
				TARGETED_DEVICE_FAMILY = "1,2";
			};
			name = Release;
		};
		C0572C63279A24AB0092E42E /* Debug */ = {
			isa = XCBuildConfiguration;
			baseConfigurationReference = F43380586D9C80334F6D48C3 /* Pods-ExceptionTests.debug.xcconfig */;
			buildSettings = {
				BUNDLE_LOADER = "$(TEST_HOST)";
				CODE_SIGN_STYLE = Automatic;
				CURRENT_PROJECT_VERSION = 1;
				DEVELOPMENT_TEAM = 83RXS3PN85;
				GENERATE_INFOPLIST_FILE = YES;
				IPHONEOS_DEPLOYMENT_TARGET = 15.0;
				LD_RUNPATH_SEARCH_PATHS = (
					"$(inherited)",
					"@executable_path/Frameworks",
					"@loader_path/Frameworks",
				);
				MARKETING_VERSION = 1.0;
				PRODUCT_BUNDLE_IDENTIFIER = maxsida.ExceptionTests;
				PRODUCT_NAME = "$(TARGET_NAME)";
				SWIFT_EMIT_LOC_STRINGS = NO;
				TARGETED_DEVICE_FAMILY = "1,2";
				TEST_HOST = "$(BUILT_PRODUCTS_DIR)/Exception.app/Exception";
			};
			name = Debug;
		};
		C0572C64279A24AB0092E42E /* Release */ = {
			isa = XCBuildConfiguration;
			baseConfigurationReference = 394A8D555CFCF0FC3B38B697 /* Pods-ExceptionTests.release.xcconfig */;
			buildSettings = {
				BUNDLE_LOADER = "$(TEST_HOST)";
				CODE_SIGN_STYLE = Automatic;
				CURRENT_PROJECT_VERSION = 1;
				DEVELOPMENT_TEAM = 83RXS3PN85;
				GENERATE_INFOPLIST_FILE = YES;
				IPHONEOS_DEPLOYMENT_TARGET = 15.0;
				LD_RUNPATH_SEARCH_PATHS = (
					"$(inherited)",
					"@executable_path/Frameworks",
					"@loader_path/Frameworks",
				);
				MARKETING_VERSION = 1.0;
				PRODUCT_BUNDLE_IDENTIFIER = maxsida.ExceptionTests;
				PRODUCT_NAME = "$(TARGET_NAME)";
				SWIFT_EMIT_LOC_STRINGS = NO;
				TARGETED_DEVICE_FAMILY = "1,2";
				TEST_HOST = "$(BUILT_PRODUCTS_DIR)/Exception.app/Exception";
			};
			name = Release;
		};
		C0572C66279A24AB0092E42E /* Debug */ = {
			isa = XCBuildConfiguration;
			baseConfigurationReference = 769FEEEEB3D5760DDAD2388F /* Pods-Exception-ExceptionUITests.debug.xcconfig */;
			buildSettings = {
				CODE_SIGN_STYLE = Automatic;
				CURRENT_PROJECT_VERSION = 1;
				DEVELOPMENT_TEAM = 83RXS3PN85;
				GENERATE_INFOPLIST_FILE = YES;
				LD_RUNPATH_SEARCH_PATHS = (
					"$(inherited)",
					"@executable_path/Frameworks",
					"@loader_path/Frameworks",
				);
				MARKETING_VERSION = 1.0;
				PRODUCT_BUNDLE_IDENTIFIER = maxsida.ExceptionUITests;
				PRODUCT_NAME = "$(TARGET_NAME)";
				SWIFT_EMIT_LOC_STRINGS = NO;
				TARGETED_DEVICE_FAMILY = "1,2";
				TEST_TARGET_NAME = Exception;
			};
			name = Debug;
		};
		C0572C67279A24AB0092E42E /* Release */ = {
			isa = XCBuildConfiguration;
			baseConfigurationReference = C96A5984858EACEEAD3AD0BE /* Pods-Exception-ExceptionUITests.release.xcconfig */;
			buildSettings = {
				CODE_SIGN_STYLE = Automatic;
				CURRENT_PROJECT_VERSION = 1;
				DEVELOPMENT_TEAM = 83RXS3PN85;
				GENERATE_INFOPLIST_FILE = YES;
				LD_RUNPATH_SEARCH_PATHS = (
					"$(inherited)",
					"@executable_path/Frameworks",
					"@loader_path/Frameworks",
				);
				MARKETING_VERSION = 1.0;
				PRODUCT_BUNDLE_IDENTIFIER = maxsida.ExceptionUITests;
				PRODUCT_NAME = "$(TARGET_NAME)";
				SWIFT_EMIT_LOC_STRINGS = NO;
				TARGETED_DEVICE_FAMILY = "1,2";
				TEST_TARGET_NAME = Exception;
			};
			name = Release;
		};
/* End XCBuildConfiguration section */

/* Begin XCConfigurationList section */
		C0572C2B279A24AA0092E42E /* Build configuration list for PBXProject "Exception" */ = {
			isa = XCConfigurationList;
			buildConfigurations = (
				C0572C5D279A24AB0092E42E /* Debug */,
				C0572C5E279A24AB0092E42E /* Release */,
			);
			defaultConfigurationIsVisible = 0;
			defaultConfigurationName = Release;
		};
		C0572C5F279A24AB0092E42E /* Build configuration list for PBXNativeTarget "Exception" */ = {
			isa = XCConfigurationList;
			buildConfigurations = (
				C0572C60279A24AB0092E42E /* Debug */,
				C0572C61279A24AB0092E42E /* Release */,
			);
			defaultConfigurationIsVisible = 0;
			defaultConfigurationName = Release;
		};
		C0572C62279A24AB0092E42E /* Build configuration list for PBXNativeTarget "ExceptionTests" */ = {
			isa = XCConfigurationList;
			buildConfigurations = (
				C0572C63279A24AB0092E42E /* Debug */,
				C0572C64279A24AB0092E42E /* Release */,
			);
			defaultConfigurationIsVisible = 0;
			defaultConfigurationName = Release;
		};
		C0572C65279A24AB0092E42E /* Build configuration list for PBXNativeTarget "ExceptionUITests" */ = {
			isa = XCConfigurationList;
			buildConfigurations = (
				C0572C66279A24AB0092E42E /* Debug */,
				C0572C67279A24AB0092E42E /* Release */,
			);
			defaultConfigurationIsVisible = 0;
			defaultConfigurationName = Release;
		};
/* End XCConfigurationList section */
	};
	rootObject = C0572C28279A24AA0092E42E /* Project object */;
}
